
Microsoft Visual Studio Solution File, Format Version 12.00
# Visual Studio 15
VisualStudioVersion = 15.0.28010.2046
MinimumVisualStudioVersion = 10.0.40219.1
Project("{FAE04EC0-301F-11D3-BF4B-00C04F79EFBC}") = "MinimalSpanningTree", "MinimalSpanningTree\MinimalSpanningTree.csproj", "{45115AC8-04AE-4E15-BE3F-94C40A6B3573}"
EndProject
Global
	GlobalSection(SolutionConfigurationPlatforms) = preSolution
		Debug|Any CPU = Debug|Any CPU
		Release|Any CPU = Release|Any CPU
	EndGlobalSection
	GlobalSection(ProjectConfigurationPlatforms) = postSolution
		{45115AC8-04AE-4E15-BE3F-94C40A6B3573}.Debug|Any CPU.ActiveCfg = Debug|Any CPU
		{45115AC8-04AE-4E15-BE3F-94C40A6B3573}.Debug|Any CPU.Build.0 = Debug|Any CPU
		{45115AC8-04AE-4E15-BE3F-94C40A6B3573}.Release|Any CPU.ActiveCfg = Release|Any CPU
		{45115AC8-04AE-4E15-BE3F-94C40A6B3573}.Release|Any CPU.Build.0 = Release|Any CPU
	EndGlobalSection
	GlobalSection(SolutionProperties) = preSolution
		HideSolutionNode = FALSE
	EndGlobalSection
	GlobalSection(ExtensibilityGlobals) = postSolution
		SolutionGuid = {3BAF9584-44AD-4150-8A3B-84E6479ED172}
	EndGlobalSection
EndGlobal
